
Microsoft Visual Studio Solution File, Format Version 12.00
Project("{FAE04EC0-301F-11D3-BF4B-00C04F79EFBC}") = "Singleton", "Singleton\Singleton.csproj", "{762303D3-6365-4163-BAAD-0F05818DA13B}"
EndProject
Project("{FAE04EC0-301F-11D3-BF4B-00C04F79EFBC}") = "Factory", "Factory\Factory.csproj", "{6BDC291A-CC80-4EDF-B211-4B0A8E734C0D}"
EndProject
Project("{FAE04EC0-301F-11D3-BF4B-00C04F79EFBC}") = "Observer", "Observer\Observer.csproj", "{196D62B9-E291-4C01-B91C-AFC0C676E193}"
EndProject
Project("{FAE04EC0-301F-11D3-BF4B-00C04F79EFBC}") = "Strategy", "Strategy\Strategy.csproj", "{F81C44BE-860B-4E25-A0A9-A0E908DAD000}"
EndProject
Project("{FAE04EC0-301F-11D3-BF4B-00C04F79EFBC}") = "Decorator", "Decorator\Decorator.csproj", "{3ADCC494-E512-4874-833D-90CBA22B3034}"
EndProject
Global
	GlobalSection(SolutionConfigurationPlatforms) = preSolution
		Debug|Any CPU = Debug|Any CPU
		Release|Any CPU = Release|Any CPU
	EndGlobalSection
	GlobalSection(ProjectConfigurationPlatforms) = postSolution
		{762303D3-6365-4163-BAAD-0F05818DA13B}.Debug|Any CPU.ActiveCfg = Debug|Any CPU
		{762303D3-6365-4163-BAAD-0F05818DA13B}.Debug|Any CPU.Build.0 = Debug|Any CPU
		{762303D3-6365-4163-BAAD-0F05818DA13B}.Release|Any CPU.ActiveCfg = Release|Any CPU
		{762303D3-6365-4163-BAAD-0F05818DA13B}.Release|Any CPU.Build.0 = Release|Any CPU
		{6BDC291A-CC80-4EDF-B211-4B0A8E734C0D}.Debug|Any CPU.ActiveCfg = Debug|Any CPU
		{6BDC291A-CC80-4EDF-B211-4B0A8E734C0D}.Debug|Any CPU.Build.0 = Debug|Any CPU
		{6BDC291A-CC80-4EDF-B211-4B0A8E734C0D}.Release|Any CPU.ActiveCfg = Release|Any CPU
		{6BDC291A-CC80-4EDF-B211-4B0A8E734C0D}.Release|Any CPU.Build.0 = Release|Any CPU
		{196D62B9-E291-4C01-B91C-AFC0C676E193}.Debug|Any CPU.ActiveCfg = Debug|Any CPU
		{196D62B9-E291-4C01-B91C-AFC0C676E193}.Debug|Any CPU.Build.0 = Debug|Any CPU
		{196D62B9-E291-4C01-B91C-AFC0C676E193}.Release|Any CPU.ActiveCfg = Release|Any CPU
		{196D62B9-E291-4C01-B91C-AFC0C676E193}.Release|Any CPU.Build.0 = Release|Any CPU
		{F81C44BE-860B-4E25-A0A9-A0E908DAD000}.Debug|Any CPU.ActiveCfg = Debug|Any CPU
		{F81C44BE-860B-4E25-A0A9-A0E908DAD000}.Debug|Any CPU.Build.0 = Debug|Any CPU
		{F81C44BE-860B-4E25-A0A9-A0E908DAD000}.Release|Any CPU.ActiveCfg = Release|Any CPU
		{F81C44BE-860B-4E25-A0A9-A0E908DAD000}.Release|Any CPU.Build.0 = Release|Any CPU
		{3ADCC494-E512-4874-833D-90CBA22B3034}.Debug|Any CPU.ActiveCfg = Debug|Any CPU
		{3ADCC494-E512-4874-833D-90CBA22B3034}.Debug|Any CPU.Build.0 = Debug|Any CPU
		{3ADCC494-E512-4874-833D-90CBA22B3034}.Release|Any CPU.ActiveCfg = Release|Any CPU
		{3ADCC494-E512-4874-833D-90CBA22B3034}.Release|Any CPU.Build.0 = Release|Any CPU
	EndGlobalSection
EndGlobal
